// !$*UTF8*$!
{
	archiveVersion = 1;
	classes = {
	};
	objectVersion = 50;
	objects = {

/* Begin PBXBuildFile section */
		AD9D6E15265602E90048E4E2 /* SecondViewController.swift in Sources */ = {isa = PBXBuildFile; fileRef = AD9D6E14265602E90048E4E2 /* SecondViewController.swift */; };
		AD9D6E17265619550048E4E2 /* FirstNavigationController.swift in Sources */ = {isa = PBXBuildFile; fileRef = AD9D6E16265619550048E4E2 /* FirstNavigationController.swift */; };
		AD9D6E19265619650048E4E2 /* SecondNavigationController.swift in Sources */ = {isa = PBXBuildFile; fileRef = AD9D6E18265619650048E4E2 /* SecondNavigationController.swift */; };
		AD9D6E1C265637330048E4E2 /* ManualFirstViewControllor.swift in Sources */ = {isa = PBXBuildFile; fileRef = AD9D6E1B265637330048E4E2 /* ManualFirstViewControllor.swift */; };
		ADAD38F2264CE4E3009EF5B4 /* Sendable.swift in Sources */ = {isa = PBXBuildFile; fileRef = ADAD38F1264CE4E3009EF5B4 /* Sendable.swift */; };
		ADAD38F4264CE520009EF5B4 /* Receiveable.swift in Sources */ = {isa = PBXBuildFile; fileRef = ADAD38F3264CE520009EF5B4 /* Receiveable.swift */; };
		ADAD38F6264CE84B009EF5B4 /* Message.swift in Sources */ = {isa = PBXBuildFile; fileRef = ADAD38F5264CE84B009EF5B4 /* Message.swift */; };
		ADAD38F8264CF143009EF5B4 /* TestProtocal.swift in Sources */ = {isa = PBXBuildFile; fileRef = ADAD38F7264CF143009EF5B4 /* TestProtocal.swift */; };
		ADC10BFE26413C54003C5EF7 /* AppDelegate.swift in Sources */ = {isa = PBXBuildFile; fileRef = ADC10BFD26413C54003C5EF7 /* AppDelegate.swift */; };
		ADC10C0226413C54003C5EF7 /* ViewController.swift in Sources */ = {isa = PBXBuildFile; fileRef = ADC10C0126413C54003C5EF7 /* ViewController.swift */; };
		ADC10C0526413C54003C5EF7 /* Main.storyboard in Resources */ = {isa = PBXBuildFile; fileRef = ADC10C0326413C54003C5EF7 /* Main.storyboard */; };
		ADC10C0726413C57003C5EF7 /* Assets.xcassets in Resources */ = {isa = PBXBuildFile; fileRef = ADC10C0626413C57003C5EF7 /* Assets.xcassets */; };
		ADC10C0A26413C57003C5EF7 /* LaunchScreen.storyboard in Resources */ = {isa = PBXBuildFile; fileRef = ADC10C0826413C57003C5EF7 /* LaunchScreen.storyboard */; };
		ADF9862D265741C1002A5653 /* PrepareTesrViewController.swift in Sources */ = {isa = PBXBuildFile; fileRef = ADF9862C265741C1002A5653 /* PrepareTesrViewController.swift */; };
		ADF9863026574B55002A5653 /* Data.storyboard in Resources */ = {isa = PBXBuildFile; fileRef = ADF9862F26574B55002A5653 /* Data.storyboard */; };
		ADF9863226574C5C002A5653 /* DataViewControllor.swift in Sources */ = {isa = PBXBuildFile; fileRef = ADF9863126574C5C002A5653 /* DataViewControllor.swift */; };
		ADF9863426575040002A5653 /* ResultViewController.swift in Sources */ = {isa = PBXBuildFile; fileRef = ADF9863326575040002A5653 /* ResultViewController.swift */; };
		ADF98637265CD2B2002A5653 /* MessageTest.storyboard in Resources */ = {isa = PBXBuildFile; fileRef = ADF98636265CD2B2002A5653 /* MessageTest.storyboard */; };
		ADF98639265CD366002A5653 /* MessageViewController.swift in Sources */ = {isa = PBXBuildFile; fileRef = ADF98638265CD366002A5653 /* MessageViewController.swift */; };
		F441577D2656B2CE004D97B3 /* UnWindViewController.swift in Sources */ = {isa = PBXBuildFile; fileRef = F441577C2656B2CE004D97B3 /* UnWindViewController.swift */; };
		F441577F2656B6B2004D97B3 /* UnWindTest.swift in Sources */ = {isa = PBXBuildFile; fileRef = F441577E2656B6B2004D97B3 /* UnWindTest.swift */; };
		F44157812656B790004D97B3 /* UnWindTest2.swift in Sources */ = {isa = PBXBuildFile; fileRef = F44157802656B790004D97B3 /* UnWindTest2.swift */; };
		F44157842656B87E004D97B3 /* NewSegue.swift in Sources */ = {isa = PBXBuildFile; fileRef = F44157832656B87E004D97B3 /* NewSegue.swift */; };
		F44157862656BA33004D97B3 /* Second.storyboard in Resources */ = {isa = PBXBuildFile; fileRef = F44157852656BA33004D97B3 /* Second.storyboard */; };
		F4EA51EE265FE5150049C8D0 /* LocalAlarm.storyboard in Resources */ = {isa = PBXBuildFile; fileRef = F4EA51ED265FE5150049C8D0 /* LocalAlarm.storyboard */; };
		F4EA51F0265FE5890049C8D0 /* LocalAlarmController.swift in Sources */ = {isa = PBXBuildFile; fileRef = F4EA51EF265FE5890049C8D0 /* LocalAlarmController.swift */; };
/* End PBXBuildFile section */

/* Begin PBXFileReference section */
		AD2005F62643BC8E00175E16 /* yagomTest.playground */ = {isa = PBXFileReference; lastKnownFileType = file.playground; path = yagomTest.playground; sourceTree = "<group>"; xcLanguageSpecificationIdentifier = xcode.lang.swift; };
		AD9D6E14265602E90048E4E2 /* SecondViewController.swift */ = {isa = PBXFileReference; lastKnownFileType = sourcecode.swift; path = SecondViewController.swift; sourceTree = "<group>"; };
		AD9D6E16265619550048E4E2 /* FirstNavigationController.swift */ = {isa = PBXFileReference; lastKnownFileType = sourcecode.swift; path = FirstNavigationController.swift; sourceTree = "<group>"; };
		AD9D6E18265619650048E4E2 /* SecondNavigationController.swift */ = {isa = PBXFileReference; lastKnownFileType = sourcecode.swift; path = SecondNavigationController.swift; sourceTree = "<group>"; };
		AD9D6E1B265637330048E4E2 /* ManualFirstViewControllor.swift */ = {isa = PBXFileReference; lastKnownFileType = sourcecode.swift; path = ManualFirstViewControllor.swift; sourceTree = "<group>"; };
		ADAD38EE2644A924009EF5B4 /* fastCampus.playground */ = {isa = PBXFileReference; lastKnownFileType = file.playground; path = fastCampus.playground; sourceTree = "<group>"; xcLanguageSpecificationIdentifier = xcode.lang.swift; };
		ADAD38F1264CE4E3009EF5B4 /* Sendable.swift */ = {isa = PBXFileReference; lastKnownFileType = sourcecode.swift; path = Sendable.swift; sourceTree = "<group>"; };
		ADAD38F3264CE520009EF5B4 /* Receiveable.swift */ = {isa = PBXFileReference; lastKnownFileType = sourcecode.swift; path = Receiveable.swift; sourceTree = "<group>"; };
		ADAD38F5264CE84B009EF5B4 /* Message.swift */ = {isa = PBXFileReference; lastKnownFileType = sourcecode.swift; path = Message.swift; sourceTree = "<group>"; };
		ADAD38F7264CF143009EF5B4 /* TestProtocal.swift */ = {isa = PBXFileReference; lastKnownFileType = sourcecode.swift; path = TestProtocal.swift; sourceTree = "<group>"; };
		ADC10BFA26413C54003C5EF7 /* Swift-Master.app */ = {isa = PBXFileReference; explicitFileType = wrapper.application; includeInIndex = 0; path = "Swift-Master.app"; sourceTree = BUILT_PRODUCTS_DIR; };
		ADC10BFD26413C54003C5EF7 /* AppDelegate.swift */ = {isa = PBXFileReference; lastKnownFileType = sourcecode.swift; path = AppDelegate.swift; sourceTree = "<group>"; };
		ADC10C0126413C54003C5EF7 /* ViewController.swift */ = {isa = PBXFileReference; lastKnownFileType = sourcecode.swift; path = ViewController.swift; sourceTree = "<group>"; };
		ADC10C0426413C54003C5EF7 /* Base */ = {isa = PBXFileReference; lastKnownFileType = file.storyboard; name = Base; path = Base.lproj/Main.storyboard; sourceTree = "<group>"; };
		ADC10C0626413C57003C5EF7 /* Assets.xcassets */ = {isa = PBXFileReference; lastKnownFileType = folder.assetcatalog; path = Assets.xcassets; sourceTree = "<group>"; };
		ADC10C0926413C57003C5EF7 /* Base */ = {isa = PBXFileReference; lastKnownFileType = file.storyboard; name = Base; path = Base.lproj/LaunchScreen.storyboard; sourceTree = "<group>"; };
		ADC10C0B26413C57003C5EF7 /* Info.plist */ = {isa = PBXFileReference; lastKnownFileType = text.plist.xml; path = Info.plist; sourceTree = "<group>"; };
		ADC10C1126413C8D003C5EF7 /* ZeddTest.playground */ = {isa = PBXFileReference; lastKnownFileType = file.playground; path = ZeddTest.playground; sourceTree = "<group>"; xcLanguageSpecificationIdentifier = xcode.lang.swift; };
		ADF9862C265741C1002A5653 /* PrepareTesrViewController.swift */ = {isa = PBXFileReference; lastKnownFileType = sourcecode.swift; path = PrepareTesrViewController.swift; sourceTree = "<group>"; };
		ADF9862F26574B55002A5653 /* Data.storyboard */ = {isa = PBXFileReference; lastKnownFileType = file.storyboard; path = Data.storyboard; sourceTree = "<group>"; };
		ADF9863126574C5C002A5653 /* DataViewControllor.swift */ = {isa = PBXFileReference; lastKnownFileType = sourcecode.swift; path = DataViewControllor.swift; sourceTree = "<group>"; };
		ADF9863326575040002A5653 /* ResultViewController.swift */ = {isa = PBXFileReference; lastKnownFileType = sourcecode.swift; path = ResultViewController.swift; sourceTree = "<group>"; };
		ADF98636265CD2B2002A5653 /* MessageTest.storyboard */ = {isa = PBXFileReference; lastKnownFileType = file.storyboard; path = MessageTest.storyboard; sourceTree = "<group>"; };
		ADF98638265CD366002A5653 /* MessageViewController.swift */ = {isa = PBXFileReference; lastKnownFileType = sourcecode.swift; path = MessageViewController.swift; sourceTree = "<group>"; };
		F441577C2656B2CE004D97B3 /* UnWindViewController.swift */ = {isa = PBXFileReference; lastKnownFileType = sourcecode.swift; path = UnWindViewController.swift; sourceTree = "<group>"; };
		F441577E2656B6B2004D97B3 /* UnWindTest.swift */ = {isa = PBXFileReference; lastKnownFileType = sourcecode.swift; path = UnWindTest.swift; sourceTree = "<group>"; };
		F44157802656B790004D97B3 /* UnWindTest2.swift */ = {isa = PBXFileReference; lastKnownFileType = sourcecode.swift; path = UnWindTest2.swift; sourceTree = "<group>"; };
		F44157832656B87E004D97B3 /* NewSegue.swift */ = {isa = PBXFileReference; lastKnownFileType = sourcecode.swift; path = NewSegue.swift; sourceTree = "<group>"; };
		F44157852656BA33004D97B3 /* Second.storyboard */ = {isa = PBXFileReference; lastKnownFileType = file.storyboard; path = Second.storyboard; sourceTree = "<group>"; };
		F4EA51ED265FE5150049C8D0 /* LocalAlarm.storyboard */ = {isa = PBXFileReference; lastKnownFileType = file.storyboard; name = LocalAlarm.storyboard; path = "Swift-Master/LocalAlarm.storyboard"; sourceTree = SOURCE_ROOT; };
		F4EA51EF265FE5890049C8D0 /* LocalAlarmController.swift */ = {isa = PBXFileReference; lastKnownFileType = sourcecode.swift; name = LocalAlarmController.swift; path = "Swift-Master/LocalAlarmController.swift"; sourceTree = SOURCE_ROOT; };
/* End PBXFileReference section */

/* Begin PBXFrameworksBuildPhase section */
		ADC10BF726413C54003C5EF7 /* Frameworks */ = {
			isa = PBXFrameworksBuildPhase;
			buildActionMask = 2147483647;
			files = (
			);
			runOnlyForDeploymentPostprocessing = 0;
		};
/* End PBXFrameworksBuildPhase section */

/* Begin PBXGroup section */
		AD9D6E13265602BD0048E4E2 /* ViewPresenting */ = {
			isa = PBXGroup;
			children = (
				ADC10C0126413C54003C5EF7 /* ViewController.swift */,
				AD9D6E14265602E90048E4E2 /* SecondViewController.swift */,
				AD9D6E16265619550048E4E2 /* FirstNavigationController.swift */,
				AD9D6E18265619650048E4E2 /* SecondNavigationController.swift */,
			);
			path = ViewPresenting;
			sourceTree = "<group>";
		};
		AD9D6E1A26562D230048E4E2 /* ManualSegue */ = {
			isa = PBXGroup;
			children = (
				AD9D6E1B265637330048E4E2 /* ManualFirstViewControllor.swift */,
				F441577C2656B2CE004D97B3 /* UnWindViewController.swift */,
				F441577E2656B6B2004D97B3 /* UnWindTest.swift */,
				F44157802656B790004D97B3 /* UnWindTest2.swift */,
			);
			path = ManualSegue;
			sourceTree = "<group>";
		};
		ADBED8A7265DE8A200A92EAB /* LocalAlarm */ = {
			isa = PBXGroup;
			children = (
				F4EA51ED265FE5150049C8D0 /* LocalAlarm.storyboard */,
				F4EA51EF265FE5890049C8D0 /* LocalAlarmController.swift */,
			);
			path = LocalAlarm;
			sourceTree = "<group>";
		};
		ADC10BF126413C54003C5EF7 = {
			isa = PBXGroup;
			children = (
				ADC10BFC26413C54003C5EF7 /* Swift-Master */,
				ADC10BFB26413C54003C5EF7 /* Products */,
			);
			sourceTree = "<group>";
		};
		ADC10BFB26413C54003C5EF7 /* Products */ = {
			isa = PBXGroup;
			children = (
				ADC10BFA26413C54003C5EF7 /* Swift-Master.app */,
			);
			name = Products;
			sourceTree = "<group>";
		};
		ADC10BFC26413C54003C5EF7 /* Swift-Master */ = {
			isa = PBXGroup;
			children = (
				ADBED8A7265DE8A200A92EAB /* LocalAlarm */,
				ADF98635265C9017002A5653 /* Message */,
				ADF9862E26574B35002A5653 /* ViewDataPresent */,
				F44157872656BB63004D97B3 /* ProtocalTest */,
				F44157822656B84E004D97B3 /* CustomSegue */,
				AD9D6E1A26562D230048E4E2 /* ManualSegue */,
				AD9D6E13265602BD0048E4E2 /* ViewPresenting */,
				ADC10BFD26413C54003C5EF7 /* AppDelegate.swift */,
				ADAD38EE2644A924009EF5B4 /* fastCampus.playground */,
				ADC10C0326413C54003C5EF7 /* Main.storyboard */,
				ADC10C0626413C57003C5EF7 /* Assets.xcassets */,
				ADC10C0826413C57003C5EF7 /* LaunchScreen.storyboard */,
				ADC10C0B26413C57003C5EF7 /* Info.plist */,
				AD2005F62643BC8E00175E16 /* yagomTest.playground */,
				ADC10C1126413C8D003C5EF7 /* ZeddTest.playground */,
			);
			path = "Swift-Master";
			sourceTree = "<group>";
		};
		ADF9862E26574B35002A5653 /* ViewDataPresent */ = {
			isa = PBXGroup;
			children = (
				ADF9862F26574B55002A5653 /* Data.storyboard */,
				ADF9863126574C5C002A5653 /* DataViewControllor.swift */,
				ADF9863326575040002A5653 /* ResultViewController.swift */,
			);
			name = ViewDataPresent;
			sourceTree = "<group>";
		};
		ADF98635265C9017002A5653 /* Message */ = {
			isa = PBXGroup;
			children = (
				ADF98636265CD2B2002A5653 /* MessageTest.storyboard */,
				ADF98638265CD366002A5653 /* MessageViewController.swift */,
			);
			path = Message;
			sourceTree = "<group>";
		};
		F44157822656B84E004D97B3 /* CustomSegue */ = {
			isa = PBXGroup;
			children = (
				F44157832656B87E004D97B3 /* NewSegue.swift */,
				F44157852656BA33004D97B3 /* Second.storyboard */,
				ADF9862C265741C1002A5653 /* PrepareTesrViewController.swift */,
			);
			path = CustomSegue;
			sourceTree = "<group>";
		};
		F44157872656BB63004D97B3 /* ProtocalTest */ = {
			isa = PBXGroup;
			children = (
				ADAD38F1264CE4E3009EF5B4 /* Sendable.swift */,
				ADAD38F3264CE520009EF5B4 /* Receiveable.swift */,
				ADAD38F5264CE84B009EF5B4 /* Message.swift */,
				ADAD38F7264CF143009EF5B4 /* TestProtocal.swift */,
			);
			path = ProtocalTest;
			sourceTree = "<group>";
		};
/* End PBXGroup section */

/* Begin PBXNativeTarget section */
		ADC10BF926413C54003C5EF7 /* Swift-Master */ = {
			isa = PBXNativeTarget;
			buildConfigurationList = ADC10C0E26413C57003C5EF7 /* Build configuration list for PBXNativeTarget "Swift-Master" */;
			buildPhases = (
				ADC10BF626413C54003C5EF7 /* Sources */,
				ADC10BF726413C54003C5EF7 /* Frameworks */,
				ADC10BF826413C54003C5EF7 /* Resources */,
			);
			buildRules = (
			);
			dependencies = (
			);
			name = "Swift-Master";
			productName = "Swift-Master";
			productReference = ADC10BFA26413C54003C5EF7 /* Swift-Master.app */;
			productType = "com.apple.product-type.application";
		};
/* End PBXNativeTarget section */

/* Begin PBXProject section */
		ADC10BF226413C54003C5EF7 /* Project object */ = {
			isa = PBXProject;
			attributes = {
				LastSwiftUpdateCheck = 1250;
				LastUpgradeCheck = 1250;
				TargetAttributes = {
					ADC10BF926413C54003C5EF7 = {
						CreatedOnToolsVersion = 12.5;
					};
				};
			};
			buildConfigurationList = ADC10BF526413C54003C5EF7 /* Build configuration list for PBXProject "Swift-Master" */;
			compatibilityVersion = "Xcode 9.3";
			developmentRegion = en;
			hasScannedForEncodings = 0;
			knownRegions = (
				en,
				Base,
			);
			mainGroup = ADC10BF126413C54003C5EF7;
			productRefGroup = ADC10BFB26413C54003C5EF7 /* Products */;
			projectDirPath = "";
			projectRoot = "";
			targets = (
				ADC10BF926413C54003C5EF7 /* Swift-Master */,
			);
		};
/* End PBXProject section */

/* Begin PBXResourcesBuildPhase section */
		ADC10BF826413C54003C5EF7 /* Resources */ = {
			isa = PBXResourcesBuildPhase;
			buildActionMask = 2147483647;
			files = (
				F4EA51EE265FE5150049C8D0 /* LocalAlarm.storyboard in Resources */,
				F44157862656BA33004D97B3 /* Second.storyboard in Resources */,
				ADC10C0A26413C57003C5EF7 /* LaunchScreen.storyboard in Resources */,
				ADC10C0726413C57003C5EF7 /* Assets.xcassets in Resources */,
				ADF9863026574B55002A5653 /* Data.storyboard in Resources */,
				ADF98637265CD2B2002A5653 /* MessageTest.storyboard in Resources */,
				ADC10C0526413C54003C5EF7 /* Main.storyboard in Resources */,
			);
			runOnlyForDeploymentPostprocessing = 0;
		};
/* End PBXResourcesBuildPhase section */

/* Begin PBXSourcesBuildPhase section */
		ADC10BF626413C54003C5EF7 /* Sources */ = {
			isa = PBXSourcesBuildPhase;
			buildActionMask = 2147483647;
			files = (
				ADC10C0226413C54003C5EF7 /* ViewController.swift in Sources */,
				ADC10BFE26413C54003C5EF7 /* AppDelegate.swift in Sources */,
				ADAD38F4264CE520009EF5B4 /* Receiveable.swift in Sources */,
				AD9D6E1C265637330048E4E2 /* ManualFirstViewControllor.swift in Sources */,
				AD9D6E17265619550048E4E2 /* FirstNavigationController.swift in Sources */,
				F441577F2656B6B2004D97B3 /* UnWindTest.swift in Sources */,
				ADF9863226574C5C002A5653 /* DataViewControllor.swift in Sources */,
				F441577D2656B2CE004D97B3 /* UnWindViewController.swift in Sources */,
				ADF9863426575040002A5653 /* ResultViewController.swift in Sources */,
				ADF9862D265741C1002A5653 /* PrepareTesrViewController.swift in Sources */,
				ADF98639265CD366002A5653 /* MessageViewController.swift in Sources */,
				F4EA51F0265FE5890049C8D0 /* LocalAlarmController.swift in Sources */,
				F44157812656B790004D97B3 /* UnWindTest2.swift in Sources */,
				AD9D6E15265602E90048E4E2 /* SecondViewController.swift in Sources */,
				ADAD38F6264CE84B009EF5B4 /* Message.swift in Sources */,
				AD9D6E19265619650048E4E2 /* SecondNavigationController.swift in Sources */,
				F44157842656B87E004D97B3 /* NewSegue.swift in Sources */,
				ADAD38F2264CE4E3009EF5B4 /* Sendable.swift in Sources */,
				ADAD38F8264CF143009EF5B4 /* TestProtocal.swift in Sources */,
			);
			runOnlyForDeploymentPostprocessing = 0;
		};
/* End PBXSourcesBuildPhase section */

/* Begin PBXVariantGroup section */
		ADC10C0326413C54003C5EF7 /* Main.storyboard */ = {
			isa = PBXVariantGroup;
			children = (
				ADC10C0426413C54003C5EF7 /* Base */,
			);
			name = Main.storyboard;
			sourceTree = "<group>";
		};
		ADC10C0826413C57003C5EF7 /* LaunchScreen.storyboard */ = {
			isa = PBXVariantGroup;
			children = (
				ADC10C0926413C57003C5EF7 /* Base */,
			);
			name = LaunchScreen.storyboard;
			sourceTree = "<group>";
		};
/* End PBXVariantGroup section */

/* Begin XCBuildConfiguration section */
		ADC10C0C26413C57003C5EF7 /* Debug */ = {
			isa = XCBuildConfiguration;
			buildSettings = {
				ALWAYS_SEARCH_USER_PATHS = NO;
				CLANG_ANALYZER_NONNULL = YES;
				CLANG_ANALYZER_NUMBER_OBJECT_CONVERSION = YES_AGGRESSIVE;
				CLANG_CXX_LANGUAGE_STANDARD = "gnu++14";
				CLANG_CXX_LIBRARY = "libc++";
				CLANG_ENABLE_MODULES = YES;
				CLANG_ENABLE_OBJC_ARC = YES;
				CLANG_ENABLE_OBJC_WEAK = YES;
				CLANG_WARN_BLOCK_CAPTURE_AUTORELEASING = YES;
				CLANG_WARN_BOOL_CONVERSION = YES;
				CLANG_WARN_COMMA = YES;
				CLANG_WARN_CONSTANT_CONVERSION = YES;
				CLANG_WARN_DEPRECATED_OBJC_IMPLEMENTATIONS = YES;
				CLANG_WARN_DIRECT_OBJC_ISA_USAGE = YES_ERROR;
				CLANG_WARN_DOCUMENTATION_COMMENTS = YES;
				CLANG_WARN_EMPTY_BODY = YES;
				CLANG_WARN_ENUM_CONVERSION = YES;
				CLANG_WARN_INFINITE_RECURSION = YES;
				CLANG_WARN_INT_CONVERSION = YES;
				CLANG_WARN_NON_LITERAL_NULL_CONVERSION = YES;
				CLANG_WARN_OBJC_IMPLICIT_RETAIN_SELF = YES;
				CLANG_WARN_OBJC_LITERAL_CONVERSION = YES;
				CLANG_WARN_OBJC_ROOT_CLASS = YES_ERROR;
				CLANG_WARN_QUOTED_INCLUDE_IN_FRAMEWORK_HEADER = YES;
				CLANG_WARN_RANGE_LOOP_ANALYSIS = YES;
				CLANG_WARN_STRICT_PROTOTYPES = YES;
				CLANG_WARN_SUSPICIOUS_MOVE = YES;
				CLANG_WARN_UNGUARDED_AVAILABILITY = YES_AGGRESSIVE;
				CLANG_WARN_UNREACHABLE_CODE = YES;
				CLANG_WARN__DUPLICATE_METHOD_MATCH = YES;
				COPY_PHASE_STRIP = NO;
				DEBUG_INFORMATION_FORMAT = dwarf;
				ENABLE_STRICT_OBJC_MSGSEND = YES;
				ENABLE_TESTABILITY = YES;
				GCC_C_LANGUAGE_STANDARD = gnu11;
				GCC_DYNAMIC_NO_PIC = NO;
				GCC_NO_COMMON_BLOCKS = YES;
				GCC_OPTIMIZATION_LEVEL = 0;
				GCC_PREPROCESSOR_DEFINITIONS = (
					"DEBUG=1",
					"$(inherited)",
				);
				GCC_WARN_64_TO_32_BIT_CONVERSION = YES;
				GCC_WARN_ABOUT_RETURN_TYPE = YES_ERROR;
				GCC_WARN_UNDECLARED_SELECTOR = YES;
				GCC_WARN_UNINITIALIZED_AUTOS = YES_AGGRESSIVE;
				GCC_WARN_UNUSED_FUNCTION = YES;
				GCC_WARN_UNUSED_VARIABLE = YES;
				IPHONEOS_DEPLOYMENT_TARGET = 14.5;
				MTL_ENABLE_DEBUG_INFO = INCLUDE_SOURCE;
				MTL_FAST_MATH = YES;
				ONLY_ACTIVE_ARCH = YES;
				SDKROOT = iphoneos;
				SWIFT_ACTIVE_COMPILATION_CONDITIONS = DEBUG;
				SWIFT_OPTIMIZATION_LEVEL = "-Onone";
			};
			name = Debug;
		};
		ADC10C0D26413C57003C5EF7 /* Release */ = {
			isa = XCBuildConfiguration;
			buildSettings = {
				ALWAYS_SEARCH_USER_PATHS = NO;
				CLANG_ANALYZER_NONNULL = YES;
				CLANG_ANALYZER_NUMBER_OBJECT_CONVERSION = YES_AGGRESSIVE;
				CLANG_CXX_LANGUAGE_STANDARD = "gnu++14";
				CLANG_CXX_LIBRARY = "libc++";
				CLANG_ENABLE_MODULES = YES;
				CLANG_ENABLE_OBJC_ARC = YES;
				CLANG_ENABLE_OBJC_WEAK = YES;
				CLANG_WARN_BLOCK_CAPTURE_AUTORELEASING = YES;
				CLANG_WARN_BOOL_CONVERSION = YES;
				CLANG_WARN_COMMA = YES;
				CLANG_WARN_CONSTANT_CONVERSION = YES;
				CLANG_WARN_DEPRECATED_OBJC_IMPLEMENTATIONS = YES;
				CLANG_WARN_DIRECT_OBJC_ISA_USAGE = YES_ERROR;
				CLANG_WARN_DOCUMENTATION_COMMENTS = YES;
				CLANG_WARN_EMPTY_BODY = YES;
				CLANG_WARN_ENUM_CONVERSION = YES;
				CLANG_WARN_INFINITE_RECURSION = YES;
				CLANG_WARN_INT_CONVERSION = YES;
				CLANG_WARN_NON_LITERAL_NULL_CONVERSION = YES;
				CLANG_WARN_OBJC_IMPLICIT_RETAIN_SELF = YES;
				CLANG_WARN_OBJC_LITERAL_CONVERSION = YES;
				CLANG_WARN_OBJC_ROOT_CLASS = YES_ERROR;
				CLANG_WARN_QUOTED_INCLUDE_IN_FRAMEWORK_HEADER = YES;
				CLANG_WARN_RANGE_LOOP_ANALYSIS = YES;
				CLANG_WARN_STRICT_PROTOTYPES = YES;
				CLANG_WARN_SUSPICIOUS_MOVE = YES;
				CLANG_WARN_UNGUARDED_AVAILABILITY = YES_AGGRESSIVE;
				CLANG_WARN_UNREACHABLE_CODE = YES;
				CLANG_WARN__DUPLICATE_METHOD_MATCH = YES;
				COPY_PHASE_STRIP = NO;
				DEBUG_INFORMATION_FORMAT = "dwarf-with-dsym";
				ENABLE_NS_ASSERTIONS = NO;
				ENABLE_STRICT_OBJC_MSGSEND = YES;
				GCC_C_LANGUAGE_STANDARD = gnu11;
				GCC_NO_COMMON_BLOCKS = YES;
				GCC_WARN_64_TO_32_BIT_CONVERSION = YES;
				GCC_WARN_ABOUT_RETURN_TYPE = YES_ERROR;
				GCC_WARN_UNDECLARED_SELECTOR = YES;
				GCC_WARN_UNINITIALIZED_AUTOS = YES_AGGRESSIVE;
				GCC_WARN_UNUSED_FUNCTION = YES;
				GCC_WARN_UNUSED_VARIABLE = YES;
				IPHONEOS_DEPLOYMENT_TARGET = 14.5;
				MTL_ENABLE_DEBUG_INFO = NO;
				MTL_FAST_MATH = YES;
				SDKROOT = iphoneos;
				SWIFT_COMPILATION_MODE = wholemodule;
				SWIFT_OPTIMIZATION_LEVEL = "-O";
				VALIDATE_PRODUCT = YES;
			};
			name = Release;
		};
		ADC10C0F26413C57003C5EF7 /* Debug */ = {
			isa = XCBuildConfiguration;
			buildSettings = {
				ASSETCATALOG_COMPILER_APPICON_NAME = AppIcon;
				ASSETCATALOG_COMPILER_GLOBAL_ACCENT_COLOR_NAME = AccentColor;
				CODE_SIGN_STYLE = Automatic;
				DEVELOPMENT_TEAM = TDJCD6CJ4D;
				INFOPLIST_FILE = "Swift-Master/Info.plist";
				LD_RUNPATH_SEARCH_PATHS = (
					"$(inherited)",
					"@executable_path/Frameworks",
				);
				PRODUCT_BUNDLE_IDENTIFIER = "com.ym.Swift-Master";
				PRODUCT_NAME = "$(TARGET_NAME)";
				SWIFT_VERSION = 5.0;
				TARGETED_DEVICE_FAMILY = 1;
			};
			name = Debug;
		};
		ADC10C1026413C57003C5EF7 /* Release */ = {
			isa = XCBuildConfiguration;
			buildSettings = {
				ASSETCATALOG_COMPILER_APPICON_NAME = AppIcon;
				ASSETCATALOG_COMPILER_GLOBAL_ACCENT_COLOR_NAME = AccentColor;
				CODE_SIGN_STYLE = Automatic;
				DEVELOPMENT_TEAM = TDJCD6CJ4D;
				INFOPLIST_FILE = "Swift-Master/Info.plist";
				LD_RUNPATH_SEARCH_PATHS = (
					"$(inherited)",
					"@executable_path/Frameworks",
				);
				PRODUCT_BUNDLE_IDENTIFIER = "com.ym.Swift-Master";
				PRODUCT_NAME = "$(TARGET_NAME)";
				SWIFT_VERSION = 5.0;
				TARGETED_DEVICE_FAMILY = 1;
			};
			name = Release;
		};
/* End XCBuildConfiguration section */

/* Begin XCConfigurationList section */
		ADC10BF526413C54003C5EF7 /* Build configuration list for PBXProject "Swift-Master" */ = {
			isa = XCConfigurationList;
			buildConfigurations = (
				ADC10C0C26413C57003C5EF7 /* Debug */,
				ADC10C0D26413C57003C5EF7 /* Release */,
			);
			defaultConfigurationIsVisible = 0;
			defaultConfigurationName = Release;
		};
		ADC10C0E26413C57003C5EF7 /* Build configuration list for PBXNativeTarget "Swift-Master" */ = {
			isa = XCConfigurationList;
			buildConfigurations = (
				ADC10C0F26413C57003C5EF7 /* Debug */,
				ADC10C1026413C57003C5EF7 /* Release */,
			);
			defaultConfigurationIsVisible = 0;
			defaultConfigurationName = Release;
		};
/* End XCConfigurationList section */
	};
	rootObject = ADC10BF226413C54003C5EF7 /* Project object */;
}
